
Microsoft Visual Studio Solution File, Format Version 12.00
# Visual Studio 14
VisualStudioVersion = 14.0.24720.0
MinimumVisualStudioVersion = 10.0.40219.1
Project("{FAE04EC0-301F-11D3-BF4B-00C04F79EFBC}") = "Webcomic-WordPress", "Webcomic-WordPress\Webcomic-WordPress.csproj", "{2F58D82A-CEB5-42B2-9727-5DAF2F557833}"
EndProject
Project("{FAE04EC0-301F-11D3-BF4B-00C04F79EFBC}") = "ComicPress-WordPress", "ComicPress-WordPress\ComicPress-WordPress.csproj", "{72617157-0F7C-44BF-BE54-A25515FF07E6}"
EndProject
Project("{FAE04EC0-301F-11D3-BF4B-00C04F79EFBC}") = "ComicFury", "ComicFury\ComicFury.csproj", "{7A17E296-AB29-425E-A2BA-DE473A3D0F27}"
EndProject
Global
	GlobalSection(SolutionConfigurationPlatforms) = preSolution
		Debug|Any CPU = Debug|Any CPU
		Release|Any CPU = Release|Any CPU
	EndGlobalSection
	GlobalSection(ProjectConfigurationPlatforms) = postSolution
		{2F58D82A-CEB5-42B2-9727-5DAF2F557833}.Debug|Any CPU.ActiveCfg = Debug|Any CPU
		{2F58D82A-CEB5-42B2-9727-5DAF2F557833}.Debug|Any CPU.Build.0 = Debug|Any CPU
		{2F58D82A-CEB5-42B2-9727-5DAF2F557833}.Release|Any CPU.ActiveCfg = Release|Any CPU
		{2F58D82A-CEB5-42B2-9727-5DAF2F557833}.Release|Any CPU.Build.0 = Release|Any CPU
		{72617157-0F7C-44BF-BE54-A25515FF07E6}.Debug|Any CPU.ActiveCfg = Debug|Any CPU
		{72617157-0F7C-44BF-BE54-A25515FF07E6}.Debug|Any CPU.Build.0 = Debug|Any CPU
		{72617157-0F7C-44BF-BE54-A25515FF07E6}.Release|Any CPU.ActiveCfg = Release|Any CPU
		{72617157-0F7C-44BF-BE54-A25515FF07E6}.Release|Any CPU.Build.0 = Release|Any CPU
		{7A17E296-AB29-425E-A2BA-DE473A3D0F27}.Debug|Any CPU.ActiveCfg = Debug|Any CPU
		{7A17E296-AB29-425E-A2BA-DE473A3D0F27}.Debug|Any CPU.Build.0 = Debug|Any CPU
		{7A17E296-AB29-425E-A2BA-DE473A3D0F27}.Release|Any CPU.ActiveCfg = Release|Any CPU
		{7A17E296-AB29-425E-A2BA-DE473A3D0F27}.Release|Any CPU.Build.0 = Release|Any CPU
	EndGlobalSection
	GlobalSection(SolutionProperties) = preSolution
		HideSolutionNode = FALSE
	EndGlobalSection
EndGlobal
